
Microsoft Visual Studio Solution File, Format Version 12.00
# Visual Studio Version 17
VisualStudioVersion = 17.1.32407.343
MinimumVisualStudioVersion = 10.0.40219.1
Project("{FAE04EC0-301F-11D3-BF4B-00C04F79EFBC}") = "WebScraperApplication", "WebScraperApplication\WebScraperApplication.csproj", "{5F836356-C949-4C24-AB30-3C2615186250}"
EndProject
Global
	GlobalSection(SolutionConfigurationPlatforms) = preSolution
		Debug|Any CPU = Debug|Any CPU
		Release|Any CPU = Release|Any CPU
	EndGlobalSection
	GlobalSection(ProjectConfigurationPlatforms) = postSolution
		{5F836356-C949-4C24-AB30-3C2615186250}.Debug|Any CPU.ActiveCfg = Debug|Any CPU
		{5F836356-C949-4C24-AB30-3C2615186250}.Debug|Any CPU.Build.0 = Debug|Any CPU
		{5F836356-C949-4C24-AB30-3C2615186250}.Release|Any CPU.ActiveCfg = Release|Any CPU
		{5F836356-C949-4C24-AB30-3C2615186250}.Release|Any CPU.Build.0 = Release|Any CPU
	EndGlobalSection
	GlobalSection(SolutionProperties) = preSolution
		HideSolutionNode = FALSE
	EndGlobalSection
	GlobalSection(ExtensibilityGlobals) = postSolution
		SolutionGuid = {C96735D2-443F-410C-9FE2-360706079469}
	EndGlobalSection
EndGlobal
